
Microsoft Visual Studio Solution File, Format Version 12.00
# Visual Studio Version 16
VisualStudioVersion = 16.0.30320.27
MinimumVisualStudioVersion = 10.0.40219.1
Project("{FAE04EC0-301F-11D3-BF4B-00C04F79EFBC}") = "ExemploRefit", "ExemploRefit\ExemploRefit.csproj", "{16097348-6815-4A4F-90C2-40EDEE9F54DD}"
EndProject
Global
	GlobalSection(SolutionConfigurationPlatforms) = preSolution
		Debug|Any CPU = Debug|Any CPU
		Release|Any CPU = Release|Any CPU
	EndGlobalSection
	GlobalSection(ProjectConfigurationPlatforms) = postSolution
		{16097348-6815-4A4F-90C2-40EDEE9F54DD}.Debug|Any CPU.ActiveCfg = Debug|Any CPU
		{16097348-6815-4A4F-90C2-40EDEE9F54DD}.Debug|Any CPU.Build.0 = Debug|Any CPU
		{16097348-6815-4A4F-90C2-40EDEE9F54DD}.Release|Any CPU.ActiveCfg = Release|Any CPU
		{16097348-6815-4A4F-90C2-40EDEE9F54DD}.Release|Any CPU.Build.0 = Release|Any CPU
	EndGlobalSection
	GlobalSection(SolutionProperties) = preSolution
		HideSolutionNode = FALSE
	EndGlobalSection
	GlobalSection(ExtensibilityGlobals) = postSolution
		SolutionGuid = {5D1F5ED3-1780-4040-A2AE-2344A2C25FF1}
	EndGlobalSection
EndGlobal
